
Microsoft Visual Studio Solution File, Format Version 12.00
# Visual Studio Version 16
VisualStudioVersion = 25.0.1704.2
MinimumVisualStudioVersion = 10.0.40219.1
Project("{FAE04EC0-301F-11D3-BF4B-00C04F79EFBC}") = "MovieManager", "MovieManager\MovieManager.csproj", "{3E40F62C-20DF-4BF3-A5E9-EC4FE93A1388}"
EndProject
Global
	GlobalSection(SolutionConfigurationPlatforms) = preSolution
		Debug|Any CPU = Debug|Any CPU
		Release|Any CPU = Release|Any CPU
	EndGlobalSection
	GlobalSection(ProjectConfigurationPlatforms) = postSolution
		{3E40F62C-20DF-4BF3-A5E9-EC4FE93A1388}.Debug|Any CPU.ActiveCfg = Debug|Any CPU
		{3E40F62C-20DF-4BF3-A5E9-EC4FE93A1388}.Debug|Any CPU.Build.0 = Debug|Any CPU
		{3E40F62C-20DF-4BF3-A5E9-EC4FE93A1388}.Release|Any CPU.ActiveCfg = Release|Any CPU
		{3E40F62C-20DF-4BF3-A5E9-EC4FE93A1388}.Release|Any CPU.Build.0 = Release|Any CPU
	EndGlobalSection
	GlobalSection(SolutionProperties) = preSolution
		HideSolutionNode = FALSE
	EndGlobalSection
	GlobalSection(ExtensibilityGlobals) = postSolution
		SolutionGuid = {436DCBA7-336A-48FB-A2FA-DAE272DA8752}
	EndGlobalSection
EndGlobal
